# This file is generated by running "yarn install" inside your project.
# Manual changes might be lost - proceed with caution!

__metadata:
  version: 8
  cacheKey: 10c0

"G6-Task-Manager@workspace:.":
  version: 0.0.0-use.local
  resolution: "G6-Task-Manager@workspace:."
  dependencies:
    node-schedule: "npm:^2.1.1"
  languageName: unknown
  linkType: soft

"cron-parser@npm:^4.2.0":
  version: 4.9.0
  resolution: "cron-parser@npm:4.9.0"
  dependencies:
    luxon: "npm:^3.2.1"
  checksum: 348622bdcd1a15695b61fc33af8a60133e5913a85cf99f6344367579e7002896514ba3b0a9d6bb569b02667d6b06836722bf2295fcd101b3de378f71d37bed0b
  languageName: node
  linkType: hard

"long-timeout@npm:0.1.1":
  version: 0.1.1
  resolution: "long-timeout@npm:0.1.1"
  checksum: a62240cc8f449d7a00081e817ae543fb1ded4d9fc05492e9fa8d6868cb33b2c9d5d71176a6f8be4473df7ba4b208460b3073b0e05069c3ec286122f3e4b5747f
  languageName: node
  linkType: hard

"luxon@npm:^3.2.1":
  version: 3.4.3
  resolution: "luxon@npm:3.4.3"
  checksum: 65ad727684d367af9c8fcbde05ad7989ef2436a4496b62d993059baaa641e90a5fa74e98f34ee2ff29f7af7f2b27238ca78b87834f9068624e4133d786f87bc7
  languageName: node
  linkType: hard

"node-schedule@npm:^2.1.1":
  version: 2.1.1
  resolution: "node-schedule@npm:2.1.1"
  dependencies:
    cron-parser: "npm:^4.2.0"
    long-timeout: "npm:0.1.1"
    sorted-array-functions: "npm:^1.3.0"
  checksum: 6ec51b34b9e676740ac25298e4ced5ee46053379f0d3aad533e51d7e083bc24ced045df1772a95bf9d9cfdb81299340bbf551549a7c5eb6e4d2dc6468c85c70e
  languageName: node
  linkType: hard

"sorted-array-functions@npm:^1.3.0":
  version: 1.3.0
  resolution: "sorted-array-functions@npm:1.3.0"
  checksum: d94e3401a2bc1689dc913f56939621c892a3ff1288e984e85689a6c6e46b0ec16f65edc8b47d46b0f09d06857f67ca245553b462da597619102b9fad270476d9
  languageName: node
  linkType: hard
